
Microsoft Visual Studio Solution File, Format Version 12.00
# Visual Studio 15
VisualStudioVersion = 15.0.28307.1145
MinimumVisualStudioVersion = 10.0.40219.1
Project("{FAE04EC0-301F-11D3-BF4B-00C04F79EFBC}") = "WebApplication1", "WebApplication1\WebApplication1.csproj", "{747EA983-4F64-4E95-93DB-ED52A9F82DE7}"
EndProject
Project("{FAE04EC0-301F-11D3-BF4B-00C04F79EFBC}") = "WebApplication1.Tests", "WebApplication1.Tests\WebApplication1.Tests.csproj", "{681D5905-9995-4355-BDC9-383DA0D6632B}"
EndProject
Global
	GlobalSection(SolutionConfigurationPlatforms) = preSolution
		Debug|Any CPU = Debug|Any CPU
		Release|Any CPU = Release|Any CPU
	EndGlobalSection
	GlobalSection(ProjectConfigurationPlatforms) = postSolution
		{747EA983-4F64-4E95-93DB-ED52A9F82DE7}.Debug|Any CPU.ActiveCfg = Debug|Any CPU
		{747EA983-4F64-4E95-93DB-ED52A9F82DE7}.Debug|Any CPU.Build.0 = Debug|Any CPU
		{747EA983-4F64-4E95-93DB-ED52A9F82DE7}.Release|Any CPU.ActiveCfg = Release|Any CPU
		{747EA983-4F64-4E95-93DB-ED52A9F82DE7}.Release|Any CPU.Build.0 = Release|Any CPU
		{681D5905-9995-4355-BDC9-383DA0D6632B}.Debug|Any CPU.ActiveCfg = Debug|Any CPU
		{681D5905-9995-4355-BDC9-383DA0D6632B}.Debug|Any CPU.Build.0 = Debug|Any CPU
		{681D5905-9995-4355-BDC9-383DA0D6632B}.Release|Any CPU.ActiveCfg = Release|Any CPU
		{681D5905-9995-4355-BDC9-383DA0D6632B}.Release|Any CPU.Build.0 = Release|Any CPU
	EndGlobalSection
	GlobalSection(SolutionProperties) = preSolution
		HideSolutionNode = FALSE
	EndGlobalSection
	GlobalSection(ExtensibilityGlobals) = postSolution
		SolutionGuid = {7A48536E-7465-49FA-8B16-C0B6997D3FDC}
	EndGlobalSection
EndGlobal
